
Microsoft Visual Studio Solution File, Format Version 12.00
# Visual Studio Version 16
VisualStudioVersion = 16.0.28621.142
MinimumVisualStudioVersion = 10.0.40219.1
Project("{9A19103F-16F7-4668-BE54-9A1E7A4F7556}") = "DoubleLinkedList", "DoubleLinkedList\DoubleLinkedList.csproj", "{597A672C-430E-4465-AC38-741F28B4C1C4}"
EndProject
Project("{9A19103F-16F7-4668-BE54-9A1E7A4F7556}") = "DoublyLinkedListTests", "DoublyLinkedListTests\DoublyLinkedListTests.csproj", "{E927210B-2A2F-49DE-8A1D-01FB7EC098BA}"
EndProject
Global
	GlobalSection(SolutionConfigurationPlatforms) = preSolution
		Debug|Any CPU = Debug|Any CPU
		Release|Any CPU = Release|Any CPU
	EndGlobalSection
	GlobalSection(ProjectConfigurationPlatforms) = postSolution
		{597A672C-430E-4465-AC38-741F28B4C1C4}.Debug|Any CPU.ActiveCfg = Debug|Any CPU
		{597A672C-430E-4465-AC38-741F28B4C1C4}.Debug|Any CPU.Build.0 = Debug|Any CPU
		{597A672C-430E-4465-AC38-741F28B4C1C4}.Release|Any CPU.ActiveCfg = Release|Any CPU
		{597A672C-430E-4465-AC38-741F28B4C1C4}.Release|Any CPU.Build.0 = Release|Any CPU
		{E927210B-2A2F-49DE-8A1D-01FB7EC098BA}.Debug|Any CPU.ActiveCfg = Debug|Any CPU
		{E927210B-2A2F-49DE-8A1D-01FB7EC098BA}.Debug|Any CPU.Build.0 = Debug|Any CPU
		{E927210B-2A2F-49DE-8A1D-01FB7EC098BA}.Release|Any CPU.ActiveCfg = Release|Any CPU
		{E927210B-2A2F-49DE-8A1D-01FB7EC098BA}.Release|Any CPU.Build.0 = Release|Any CPU
	EndGlobalSection
	GlobalSection(SolutionProperties) = preSolution
		HideSolutionNode = FALSE
	EndGlobalSection
	GlobalSection(ExtensibilityGlobals) = postSolution
		SolutionGuid = {9D680990-2D37-40C1-BC6D-103E8731DD00}
	EndGlobalSection
EndGlobal
